// !$*UTF8*$!
{
	archiveVersion = 1;
	classes = {
	};
	objectVersion = 56;
	objects = {

/* Begin PBXBuildFile section */
		1338C6DD2BB0A2BF0061FBEB /* View+ConfettiCannon.swift in Sources */ = {isa = PBXBuildFile; fileRef = 1338C6D72BB0A2BF0061FBEB /* View+ConfettiCannon.swift */; };
		1338C6DE2BB0A2BF0061FBEB /* RoundedCross.swift in Sources */ = {isa = PBXBuildFile; fileRef = 1338C6D92BB0A2BF0061FBEB /* RoundedCross.swift */; };
		1338C6DF2BB0A2BF0061FBEB /* Triangle.swift in Sources */ = {isa = PBXBuildFile; fileRef = 1338C6DA2BB0A2BF0061FBEB /* Triangle.swift */; };
		1338C6E02BB0A2BF0061FBEB /* SlimRectangle.swift in Sources */ = {isa = PBXBuildFile; fileRef = 1338C6DB2BB0A2BF0061FBEB /* SlimRectangle.swift */; };
		1338C6E12BB0A2BF0061FBEB /* ConfettiSwiftUI.swift in Sources */ = {isa = PBXBuildFile; fileRef = 1338C6DC2BB0A2BF0061FBEB /* ConfettiSwiftUI.swift */; };
		133D65A82C68B7A20009DE41 /* DeleteButtonView.swift in Sources */ = {isa = PBXBuildFile; fileRef = 133D65A72C68B7A20009DE41 /* DeleteButtonView.swift */; };
		133D65AA2C68B7E10009DE41 /* ItemTextView.swift in Sources */ = {isa = PBXBuildFile; fileRef = 133D65A92C68B7E10009DE41 /* ItemTextView.swift */; };
		133D65AC2C68B8130009DE41 /* DateLabelView.swift in Sources */ = {isa = PBXBuildFile; fileRef = 133D65AB2C68B8130009DE41 /* DateLabelView.swift */; };
		133D65AE2C68B8450009DE41 /* BackgroundImageView.swift in Sources */ = {isa = PBXBuildFile; fileRef = 133D65AD2C68B8450009DE41 /* BackgroundImageView.swift */; };
		133D65B12C68B8990009DE41 /* Color+Helpers.swift in Sources */ = {isa = PBXBuildFile; fileRef = 133D65B02C68B8990009DE41 /* Color+Helpers.swift */; };
		136105952D743DE5000309F4 /* Space.swift in Sources */ = {isa = PBXBuildFile; fileRef = 136105942D743DE3000309F4 /* Space.swift */; };
		136105992D74454F000309F4 /* HeaderView.swift in Sources */ = {isa = PBXBuildFile; fileRef = 136105982D74454F000309F4 /* HeaderView.swift */; };
		1361059B2D745001000309F4 /* MainView.swift in Sources */ = {isa = PBXBuildFile; fileRef = 1361059A2D745001000309F4 /* MainView.swift */; };
		1361059F2D745513000309F4 /* ConfirmationView.swift in Sources */ = {isa = PBXBuildFile; fileRef = 1361059E2D745508000309F4 /* ConfirmationView.swift */; };
		136105A12D745CDD000309F4 /* StickiesViewOverview.swift in Sources */ = {isa = PBXBuildFile; fileRef = 136105A02D745CDD000309F4 /* StickiesViewOverview.swift */; };
		136105A32D746549000309F4 /* EmptyView.swift in Sources */ = {isa = PBXBuildFile; fileRef = 136105A22D74653F000309F4 /* EmptyView.swift */; };
		136105A52D746E10000309F4 /* AboutView.swift in Sources */ = {isa = PBXBuildFile; fileRef = 136105A42D746E0C000309F4 /* AboutView.swift */; };
		136105A72D747D07000309F4 /* SocialLinks.swift in Sources */ = {isa = PBXBuildFile; fileRef = 136105A62D747CF3000309F4 /* SocialLinks.swift */; };
		136105A92D747EF0000309F4 /* SocialLink.swift in Sources */ = {isa = PBXBuildFile; fileRef = 136105A82D747EEA000309F4 /* SocialLink.swift */; };
		138F898F2BB02D1A00EA9F2F /* mitarritoApp.swift in Sources */ = {isa = PBXBuildFile; fileRef = 138F898E2BB02D1A00EA9F2F /* mitarritoApp.swift */; };
		138F89912BB02D1A00EA9F2F /* ContentView.swift in Sources */ = {isa = PBXBuildFile; fileRef = 138F89902BB02D1A00EA9F2F /* ContentView.swift */; };
		138F89932BB02D1A00EA9F2F /* Accomplishment.swift in Sources */ = {isa = PBXBuildFile; fileRef = 138F89922BB02D1A00EA9F2F /* Accomplishment.swift */; };
		138F89952BB02D1C00EA9F2F /* Assets.xcassets in Resources */ = {isa = PBXBuildFile; fileRef = 138F89942BB02D1C00EA9F2F /* Assets.xcassets */; };
		138F89982BB02D1C00EA9F2F /* Preview Assets.xcassets in Resources */ = {isa = PBXBuildFile; fileRef = 138F89972BB02D1C00EA9F2F /* Preview Assets.xcassets */; };
		138F89A22BB02D1C00EA9F2F /* mitarritoTests.swift in Sources */ = {isa = PBXBuildFile; fileRef = 138F89A12BB02D1C00EA9F2F /* mitarritoTests.swift */; };
		138F89AC2BB02D1C00EA9F2F /* mitarritoUITests.swift in Sources */ = {isa = PBXBuildFile; fileRef = 138F89AB2BB02D1C00EA9F2F /* mitarritoUITests.swift */; };
		138F89AE2BB02D1C00EA9F2F /* mitarritoUITestsLaunchTests.swift in Sources */ = {isa = PBXBuildFile; fileRef = 138F89AD2BB02D1C00EA9F2F /* mitarritoUITestsLaunchTests.swift */; };
		138F89BF2BB03C1700EA9F2F /* TarritoView.swift in Sources */ = {isa = PBXBuildFile; fileRef = 138F89BE2BB03C1700EA9F2F /* TarritoView.swift */; };
		13B947132BBEF93C0076724B /* Inject in Frameworks */ = {isa = PBXBuildFile; productRef = 13B947122BBEF93C0076724B /* Inject */; };
		13D16F0A2BB1DDB300507835 /* StickyView.swift in Sources */ = {isa = PBXBuildFile; fileRef = 13D16F092BB1DDB300507835 /* StickyView.swift */; };
		13D16F0C2BB1DE8D00507835 /* StickiesView.swift in Sources */ = {isa = PBXBuildFile; fileRef = 13D16F0B2BB1DE8D00507835 /* StickiesView.swift */; };
		13D537662C66BF7500BA0C42 /* CarouselView.swift in Sources */ = {isa = PBXBuildFile; fileRef = 13D537652C66BF7500BA0C42 /* CarouselView.swift */; };
		13D58F192C77A7D5008058C5 /* A11y.swift in Sources */ = {isa = PBXBuildFile; fileRef = 13D58F182C77A7D5008058C5 /* A11y.swift */; };
/* End PBXBuildFile section */

/* Begin PBXContainerItemProxy section */
		138F899E2BB02D1C00EA9F2F /* PBXContainerItemProxy */ = {
			isa = PBXContainerItemProxy;
			containerPortal = 138F89832BB02D1A00EA9F2F /* Project object */;
			proxyType = 1;
			remoteGlobalIDString = 138F898A2BB02D1A00EA9F2F;
			remoteInfo = daymooddata;
		};
		138F89A82BB02D1C00EA9F2F /* PBXContainerItemProxy */ = {
			isa = PBXContainerItemProxy;
			containerPortal = 138F89832BB02D1A00EA9F2F /* Project object */;
			proxyType = 1;
			remoteGlobalIDString = 138F898A2BB02D1A00EA9F2F;
			remoteInfo = daymooddata;
		};
/* End PBXContainerItemProxy section */

/* Begin PBXCopyFilesBuildPhase section */
		1338C6FF2BB0ACAD0061FBEB /* Embed Foundation Extensions */ = {
			isa = PBXCopyFilesBuildPhase;
			buildActionMask = 2147483647;
			dstPath = "";
			dstSubfolderSpec = 13;
			files = (
			);
			name = "Embed Foundation Extensions";
			runOnlyForDeploymentPostprocessing = 0;
		};
/* End PBXCopyFilesBuildPhase section */

/* Begin PBXFileReference section */
		1338C6D72BB0A2BF0061FBEB /* View+ConfettiCannon.swift */ = {isa = PBXFileReference; fileEncoding = 4; lastKnownFileType = sourcecode.swift; path = "View+ConfettiCannon.swift"; sourceTree = "<group>"; };
		1338C6D92BB0A2BF0061FBEB /* RoundedCross.swift */ = {isa = PBXFileReference; fileEncoding = 4; lastKnownFileType = sourcecode.swift; path = RoundedCross.swift; sourceTree = "<group>"; };
		1338C6DA2BB0A2BF0061FBEB /* Triangle.swift */ = {isa = PBXFileReference; fileEncoding = 4; lastKnownFileType = sourcecode.swift; path = Triangle.swift; sourceTree = "<group>"; };
		1338C6DB2BB0A2BF0061FBEB /* SlimRectangle.swift */ = {isa = PBXFileReference; fileEncoding = 4; lastKnownFileType = sourcecode.swift; path = SlimRectangle.swift; sourceTree = "<group>"; };
		1338C6DC2BB0A2BF0061FBEB /* ConfettiSwiftUI.swift */ = {isa = PBXFileReference; fileEncoding = 4; lastKnownFileType = sourcecode.swift; path = ConfettiSwiftUI.swift; sourceTree = "<group>"; };
		1338C6ED2BB0ACAB0061FBEB /* SwiftUI.framework */ = {isa = PBXFileReference; lastKnownFileType = wrapper.framework; name = SwiftUI.framework; path = System/Library/Frameworks/SwiftUI.framework; sourceTree = SDKROOT; };
		133D65A72C68B7A20009DE41 /* DeleteButtonView.swift */ = {isa = PBXFileReference; lastKnownFileType = sourcecode.swift; path = DeleteButtonView.swift; sourceTree = "<group>"; };
		133D65A92C68B7E10009DE41 /* ItemTextView.swift */ = {isa = PBXFileReference; lastKnownFileType = sourcecode.swift; path = ItemTextView.swift; sourceTree = "<group>"; };
		133D65AB2C68B8130009DE41 /* DateLabelView.swift */ = {isa = PBXFileReference; lastKnownFileType = sourcecode.swift; path = DateLabelView.swift; sourceTree = "<group>"; };
		133D65AD2C68B8450009DE41 /* BackgroundImageView.swift */ = {isa = PBXFileReference; lastKnownFileType = sourcecode.swift; path = BackgroundImageView.swift; sourceTree = "<group>"; };
		133D65B02C68B8990009DE41 /* Color+Helpers.swift */ = {isa = PBXFileReference; lastKnownFileType = sourcecode.swift; path = "Color+Helpers.swift"; sourceTree = "<group>"; };
		136105942D743DE3000309F4 /* Space.swift */ = {isa = PBXFileReference; lastKnownFileType = sourcecode.swift; path = Space.swift; sourceTree = "<group>"; };
		136105982D74454F000309F4 /* HeaderView.swift */ = {isa = PBXFileReference; lastKnownFileType = sourcecode.swift; path = HeaderView.swift; sourceTree = "<group>"; };
		1361059A2D745001000309F4 /* MainView.swift */ = {isa = PBXFileReference; lastKnownFileType = sourcecode.swift; path = MainView.swift; sourceTree = "<group>"; };
		1361059E2D745508000309F4 /* ConfirmationView.swift */ = {isa = PBXFileReference; lastKnownFileType = sourcecode.swift; path = ConfirmationView.swift; sourceTree = "<group>"; };
		136105A02D745CDD000309F4 /* StickiesViewOverview.swift */ = {isa = PBXFileReference; lastKnownFileType = sourcecode.swift; path = StickiesViewOverview.swift; sourceTree = "<group>"; };
		136105A22D74653F000309F4 /* EmptyView.swift */ = {isa = PBXFileReference; lastKnownFileType = sourcecode.swift; path = EmptyView.swift; sourceTree = "<group>"; };
		136105A42D746E0C000309F4 /* AboutView.swift */ = {isa = PBXFileReference; lastKnownFileType = sourcecode.swift; path = AboutView.swift; sourceTree = "<group>"; };
		136105A62D747CF3000309F4 /* SocialLinks.swift */ = {isa = PBXFileReference; lastKnownFileType = sourcecode.swift; path = SocialLinks.swift; sourceTree = "<group>"; };
		136105A82D747EEA000309F4 /* SocialLink.swift */ = {isa = PBXFileReference; lastKnownFileType = sourcecode.swift; path = SocialLink.swift; sourceTree = "<group>"; };
		138F898B2BB02D1A00EA9F2F /* mitarrito.app */ = {isa = PBXFileReference; explicitFileType = wrapper.application; includeInIndex = 0; path = mitarrito.app; sourceTree = BUILT_PRODUCTS_DIR; };
		138F898E2BB02D1A00EA9F2F /* mitarritoApp.swift */ = {isa = PBXFileReference; lastKnownFileType = sourcecode.swift; path = mitarritoApp.swift; sourceTree = "<group>"; };
		138F89902BB02D1A00EA9F2F /* ContentView.swift */ = {isa = PBXFileReference; lastKnownFileType = sourcecode.swift; path = ContentView.swift; sourceTree = "<group>"; };
		138F89922BB02D1A00EA9F2F /* Accomplishment.swift */ = {isa = PBXFileReference; lastKnownFileType = sourcecode.swift; path = Accomplishment.swift; sourceTree = "<group>"; };
		138F89942BB02D1C00EA9F2F /* Assets.xcassets */ = {isa = PBXFileReference; lastKnownFileType = folder.assetcatalog; path = Assets.xcassets; sourceTree = "<group>"; };
		138F89972BB02D1C00EA9F2F /* Preview Assets.xcassets */ = {isa = PBXFileReference; lastKnownFileType = folder.assetcatalog; path = "Preview Assets.xcassets"; sourceTree = "<group>"; };
		138F899D2BB02D1C00EA9F2F /* mitarritoTests.xctest */ = {isa = PBXFileReference; explicitFileType = wrapper.cfbundle; includeInIndex = 0; path = mitarritoTests.xctest; sourceTree = BUILT_PRODUCTS_DIR; };
		138F89A12BB02D1C00EA9F2F /* mitarritoTests.swift */ = {isa = PBXFileReference; lastKnownFileType = sourcecode.swift; path = mitarritoTests.swift; sourceTree = "<group>"; };
		138F89A72BB02D1C00EA9F2F /* mitarritoUITests.xctest */ = {isa = PBXFileReference; explicitFileType = wrapper.cfbundle; includeInIndex = 0; path = mitarritoUITests.xctest; sourceTree = BUILT_PRODUCTS_DIR; };
		138F89AB2BB02D1C00EA9F2F /* mitarritoUITests.swift */ = {isa = PBXFileReference; lastKnownFileType = sourcecode.swift; path = mitarritoUITests.swift; sourceTree = "<group>"; };
		138F89AD2BB02D1C00EA9F2F /* mitarritoUITestsLaunchTests.swift */ = {isa = PBXFileReference; lastKnownFileType = sourcecode.swift; path = mitarritoUITestsLaunchTests.swift; sourceTree = "<group>"; };
		138F89BE2BB03C1700EA9F2F /* TarritoView.swift */ = {isa = PBXFileReference; lastKnownFileType = sourcecode.swift; path = TarritoView.swift; sourceTree = "<group>"; };
		13D16F092BB1DDB300507835 /* StickyView.swift */ = {isa = PBXFileReference; lastKnownFileType = sourcecode.swift; path = StickyView.swift; sourceTree = "<group>"; };
		13D16F0B2BB1DE8D00507835 /* StickiesView.swift */ = {isa = PBXFileReference; lastKnownFileType = sourcecode.swift; path = StickiesView.swift; sourceTree = "<group>"; };
		13D537652C66BF7500BA0C42 /* CarouselView.swift */ = {isa = PBXFileReference; lastKnownFileType = sourcecode.swift; path = CarouselView.swift; sourceTree = "<group>"; };
		13D58F182C77A7D5008058C5 /* A11y.swift */ = {isa = PBXFileReference; lastKnownFileType = sourcecode.swift; path = A11y.swift; sourceTree = "<group>"; };
/* End PBXFileReference section */

/* Begin PBXFrameworksBuildPhase section */
		138F89882BB02D1A00EA9F2F /* Frameworks */ = {
			isa = PBXFrameworksBuildPhase;
			buildActionMask = 2147483647;
			files = (
				13B947132BBEF93C0076724B /* Inject in Frameworks */,
			);
			runOnlyForDeploymentPostprocessing = 0;
		};
		138F899A2BB02D1C00EA9F2F /* Frameworks */ = {
			isa = PBXFrameworksBuildPhase;
			buildActionMask = 2147483647;
			files = (
			);
			runOnlyForDeploymentPostprocessing = 0;
		};
		138F89A42BB02D1C00EA9F2F /* Frameworks */ = {
			isa = PBXFrameworksBuildPhase;
			buildActionMask = 2147483647;
			files = (
			);
			runOnlyForDeploymentPostprocessing = 0;
		};
/* End PBXFrameworksBuildPhase section */

/* Begin PBXGroup section */
		1338C6D62BB0A2BF0061FBEB /* Confetti */ = {
			isa = PBXGroup;
			children = (
				1338C6D72BB0A2BF0061FBEB /* View+ConfettiCannon.swift */,
				1338C6D82BB0A2BF0061FBEB /* Shapes */,
				1338C6DC2BB0A2BF0061FBEB /* ConfettiSwiftUI.swift */,
			);
			path = Confetti;
			sourceTree = "<group>";
		};
		1338C6D82BB0A2BF0061FBEB /* Shapes */ = {
			isa = PBXGroup;
			children = (
				1338C6D92BB0A2BF0061FBEB /* RoundedCross.swift */,
				1338C6DA2BB0A2BF0061FBEB /* Triangle.swift */,
				1338C6DB2BB0A2BF0061FBEB /* SlimRectangle.swift */,
			);
			path = Shapes;
			sourceTree = "<group>";
		};
		1338C6E22BB0A8A40061FBEB /* Components */ = {
			isa = PBXGroup;
			children = (
				136105A62D747CF3000309F4 /* SocialLinks.swift */,
				1361059E2D745508000309F4 /* ConfirmationView.swift */,
				138F89BE2BB03C1700EA9F2F /* TarritoView.swift */,
				13D16F0B2BB1DE8D00507835 /* StickiesView.swift */,
				136105A02D745CDD000309F4 /* StickiesViewOverview.swift */,
				136105982D74454F000309F4 /* HeaderView.swift */,
			);
			path = Components;
			sourceTree = "<group>";
		};
		1338C6E32BB0A8C10061FBEB /* Views */ = {
			isa = PBXGroup;
			children = (
				136105A42D746E0C000309F4 /* AboutView.swift */,
				1361059A2D745001000309F4 /* MainView.swift */,
				136105A22D74653F000309F4 /* EmptyView.swift */,
				133D65A62C68B78E0009DE41 /* StickyView */,
				13D537652C66BF7500BA0C42 /* CarouselView.swift */,
			);
			path = Views;
			sourceTree = "<group>";
		};
		1338C6E42BB0A8D30061FBEB /* Model */ = {
			isa = PBXGroup;
			children = (
				136105A82D747EEA000309F4 /* SocialLink.swift */,
				138F89922BB02D1A00EA9F2F /* Accomplishment.swift */,
			);
			path = Model;
			sourceTree = "<group>";
		};
		1338C6EA2BB0ACAB0061FBEB /* Frameworks */ = {
			isa = PBXGroup;
			children = (
				1338C6ED2BB0ACAB0061FBEB /* SwiftUI.framework */,
			);
			name = Frameworks;
			sourceTree = "<group>";
		};
		133D65A62C68B78E0009DE41 /* StickyView */ = {
			isa = PBXGroup;
			children = (
				133D65A72C68B7A20009DE41 /* DeleteButtonView.swift */,
				133D65A92C68B7E10009DE41 /* ItemTextView.swift */,
				13D16F092BB1DDB300507835 /* StickyView.swift */,
				133D65AB2C68B8130009DE41 /* DateLabelView.swift */,
				133D65AD2C68B8450009DE41 /* BackgroundImageView.swift */,
			);
			path = StickyView;
			sourceTree = "<group>";
		};
		133D65AF2C68B88C0009DE41 /* Helpers */ = {
			isa = PBXGroup;
			children = (
				133D65B02C68B8990009DE41 /* Color+Helpers.swift */,
			);
			path = Helpers;
			sourceTree = "<group>";
		};
		138F89822BB02D1A00EA9F2F = {
			isa = PBXGroup;
			children = (
				138F898D2BB02D1A00EA9F2F /* mitarrito */,
				138F89A02BB02D1C00EA9F2F /* mitarritoTests */,
				138F89AA2BB02D1C00EA9F2F /* mitarritoUITests */,
				1338C6EA2BB0ACAB0061FBEB /* Frameworks */,
				138F898C2BB02D1A00EA9F2F /* Products */,
			);
			sourceTree = "<group>";
		};
		138F898C2BB02D1A00EA9F2F /* Products */ = {
			isa = PBXGroup;
			children = (
				138F898B2BB02D1A00EA9F2F /* mitarrito.app */,
				138F899D2BB02D1C00EA9F2F /* mitarritoTests.xctest */,
				138F89A72BB02D1C00EA9F2F /* mitarritoUITests.xctest */,
			);
			name = Products;
			sourceTree = "<group>";
		};
		138F898D2BB02D1A00EA9F2F /* mitarrito */ = {
			isa = PBXGroup;
			children = (
				133D65AF2C68B88C0009DE41 /* Helpers */,
				1338C6E42BB0A8D30061FBEB /* Model */,
				1338C6E32BB0A8C10061FBEB /* Views */,
				1338C6E22BB0A8A40061FBEB /* Components */,
				138F89902BB02D1A00EA9F2F /* ContentView.swift */,
				13D58F182C77A7D5008058C5 /* A11y.swift */,
				136105942D743DE3000309F4 /* Space.swift */,
				138F898E2BB02D1A00EA9F2F /* mitarritoApp.swift */,
				138F89942BB02D1C00EA9F2F /* Assets.xcassets */,
				1338C6D62BB0A2BF0061FBEB /* Confetti */,
				138F89962BB02D1C00EA9F2F /* Preview Content */,
			);
			path = mitarrito;
			sourceTree = "<group>";
		};
		138F89962BB02D1C00EA9F2F /* Preview Content */ = {
			isa = PBXGroup;
			children = (
				138F89972BB02D1C00EA9F2F /* Preview Assets.xcassets */,
			);
			path = "Preview Content";
			sourceTree = "<group>";
		};
		138F89A02BB02D1C00EA9F2F /* mitarritoTests */ = {
			isa = PBXGroup;
			children = (
				138F89A12BB02D1C00EA9F2F /* mitarritoTests.swift */,
			);
			path = mitarritoTests;
			sourceTree = "<group>";
		};
		138F89AA2BB02D1C00EA9F2F /* mitarritoUITests */ = {
			isa = PBXGroup;
			children = (
				138F89AB2BB02D1C00EA9F2F /* mitarritoUITests.swift */,
				138F89AD2BB02D1C00EA9F2F /* mitarritoUITestsLaunchTests.swift */,
			);
			path = mitarritoUITests;
			sourceTree = "<group>";
		};
/* End PBXGroup section */

/* Begin PBXNativeTarget section */
		138F898A2BB02D1A00EA9F2F /* mitarrito */ = {
			isa = PBXNativeTarget;
			buildConfigurationList = 138F89B12BB02D1C00EA9F2F /* Build configuration list for PBXNativeTarget "mitarrito" */;
			buildPhases = (
				138F89872BB02D1A00EA9F2F /* Sources */,
				138F89882BB02D1A00EA9F2F /* Frameworks */,
				138F89892BB02D1A00EA9F2F /* Resources */,
				1338C6FF2BB0ACAD0061FBEB /* Embed Foundation Extensions */,
			);
			buildRules = (
			);
			dependencies = (
			);
			name = mitarrito;
			packageProductDependencies = (
				13B947122BBEF93C0076724B /* Inject */,
			);
			productName = daymooddata;
			productReference = 138F898B2BB02D1A00EA9F2F /* mitarrito.app */;
			productType = "com.apple.product-type.application";
		};
		138F899C2BB02D1C00EA9F2F /* mitarritoTests */ = {
			isa = PBXNativeTarget;
			buildConfigurationList = 138F89B42BB02D1C00EA9F2F /* Build configuration list for PBXNativeTarget "mitarritoTests" */;
			buildPhases = (
				138F89992BB02D1C00EA9F2F /* Sources */,
				138F899A2BB02D1C00EA9F2F /* Frameworks */,
				138F899B2BB02D1C00EA9F2F /* Resources */,
			);
			buildRules = (
			);
			dependencies = (
				138F899F2BB02D1C00EA9F2F /* PBXTargetDependency */,
			);
			name = mitarritoTests;
			productName = daymooddataTests;
			productReference = 138F899D2BB02D1C00EA9F2F /* mitarritoTests.xctest */;
			productType = "com.apple.product-type.bundle.unit-test";
		};
		138F89A62BB02D1C00EA9F2F /* mitarritoUITests */ = {
			isa = PBXNativeTarget;
			buildConfigurationList = 138F89B72BB02D1C00EA9F2F /* Build configuration list for PBXNativeTarget "mitarritoUITests" */;
			buildPhases = (
				138F89A32BB02D1C00EA9F2F /* Sources */,
				138F89A42BB02D1C00EA9F2F /* Frameworks */,
				138F89A52BB02D1C00EA9F2F /* Resources */,
			);
			buildRules = (
			);
			dependencies = (
				138F89A92BB02D1C00EA9F2F /* PBXTargetDependency */,
			);
			name = mitarritoUITests;
			productName = daymooddataUITests;
			productReference = 138F89A72BB02D1C00EA9F2F /* mitarritoUITests.xctest */;
			productType = "com.apple.product-type.bundle.ui-testing";
		};
/* End PBXNativeTarget section */

/* Begin PBXProject section */
		138F89832BB02D1A00EA9F2F /* Project object */ = {
			isa = PBXProject;
			attributes = {
				BuildIndependentTargetsInParallel = 1;
				LastSwiftUpdateCheck = 1510;
				LastUpgradeCheck = 1510;
				TargetAttributes = {
					138F898A2BB02D1A00EA9F2F = {
						CreatedOnToolsVersion = 15.1;
					};
					138F899C2BB02D1C00EA9F2F = {
						CreatedOnToolsVersion = 15.1;
						TestTargetID = 138F898A2BB02D1A00EA9F2F;
					};
					138F89A62BB02D1C00EA9F2F = {
						CreatedOnToolsVersion = 15.1;
						TestTargetID = 138F898A2BB02D1A00EA9F2F;
					};
				};
			};
			buildConfigurationList = 138F89862BB02D1A00EA9F2F /* Build configuration list for PBXProject "mitarrito" */;
			compatibilityVersion = "Xcode 14.0";
			developmentRegion = en;
			hasScannedForEncodings = 0;
			knownRegions = (
				en,
				Base,
			);
			mainGroup = 138F89822BB02D1A00EA9F2F;
			packageReferences = (
				13B947112BBEF8EB0076724B /* XCRemoteSwiftPackageReference "Inject" */,
			);
			productRefGroup = 138F898C2BB02D1A00EA9F2F /* Products */;
			projectDirPath = "";
			projectRoot = "";
			targets = (
				138F898A2BB02D1A00EA9F2F /* mitarrito */,
				138F899C2BB02D1C00EA9F2F /* mitarritoTests */,
				138F89A62BB02D1C00EA9F2F /* mitarritoUITests */,
			);
		};
/* End PBXProject section */

/* Begin PBXResourcesBuildPhase section */
		138F89892BB02D1A00EA9F2F /* Resources */ = {
			isa = PBXResourcesBuildPhase;
			buildActionMask = 2147483647;
			files = (
				138F89982BB02D1C00EA9F2F /* Preview Assets.xcassets in Resources */,
				138F89952BB02D1C00EA9F2F /* Assets.xcassets in Resources */,
			);
			runOnlyForDeploymentPostprocessing = 0;
		};
		138F899B2BB02D1C00EA9F2F /* Resources */ = {
			isa = PBXResourcesBuildPhase;
			buildActionMask = 2147483647;
			files = (
			);
			runOnlyForDeploymentPostprocessing = 0;
		};
		138F89A52BB02D1C00EA9F2F /* Resources */ = {
			isa = PBXResourcesBuildPhase;
			buildActionMask = 2147483647;
			files = (
			);
			runOnlyForDeploymentPostprocessing = 0;
		};
/* End PBXResourcesBuildPhase section */

/* Begin PBXSourcesBuildPhase section */
		138F89872BB02D1A00EA9F2F /* Sources */ = {
			isa = PBXSourcesBuildPhase;
			buildActionMask = 2147483647;
			files = (
				136105952D743DE5000309F4 /* Space.swift in Sources */,
				1338C6DD2BB0A2BF0061FBEB /* View+ConfettiCannon.swift in Sources */,
				133D65AE2C68B8450009DE41 /* BackgroundImageView.swift in Sources */,
				138F89912BB02D1A00EA9F2F /* ContentView.swift in Sources */,
				13D537662C66BF7500BA0C42 /* CarouselView.swift in Sources */,
				136105A32D746549000309F4 /* EmptyView.swift in Sources */,
				133D65B12C68B8990009DE41 /* Color+Helpers.swift in Sources */,
				1338C6E12BB0A2BF0061FBEB /* ConfettiSwiftUI.swift in Sources */,
				138F89BF2BB03C1700EA9F2F /* TarritoView.swift in Sources */,
				136105A92D747EF0000309F4 /* SocialLink.swift in Sources */,
				13D58F192C77A7D5008058C5 /* A11y.swift in Sources */,
				13D16F0C2BB1DE8D00507835 /* StickiesView.swift in Sources */,
				133D65AC2C68B8130009DE41 /* DateLabelView.swift in Sources */,
				136105A52D746E10000309F4 /* AboutView.swift in Sources */,
				136105A12D745CDD000309F4 /* StickiesViewOverview.swift in Sources */,
				136105A72D747D07000309F4 /* SocialLinks.swift in Sources */,
				133D65A82C68B7A20009DE41 /* DeleteButtonView.swift in Sources */,
				1361059F2D745513000309F4 /* ConfirmationView.swift in Sources */,
				138F89932BB02D1A00EA9F2F /* Accomplishment.swift in Sources */,
				1338C6DF2BB0A2BF0061FBEB /* Triangle.swift in Sources */,
				133D65AA2C68B7E10009DE41 /* ItemTextView.swift in Sources */,
				1338C6E02BB0A2BF0061FBEB /* SlimRectangle.swift in Sources */,
				138F898F2BB02D1A00EA9F2F /* mitarritoApp.swift in Sources */,
				13D16F0A2BB1DDB300507835 /* StickyView.swift in Sources */,
				1338C6DE2BB0A2BF0061FBEB /* RoundedCross.swift in Sources */,
				1361059B2D745001000309F4 /* MainView.swift in Sources */,
				136105992D74454F000309F4 /* HeaderView.swift in Sources */,
			);
			runOnlyForDeploymentPostprocessing = 0;
		};
		138F89992BB02D1C00EA9F2F /* Sources */ = {
			isa = PBXSourcesBuildPhase;
			buildActionMask = 2147483647;
			files = (
				138F89A22BB02D1C00EA9F2F /* mitarritoTests.swift in Sources */,
			);
			runOnlyForDeploymentPostprocessing = 0;
		};
		138F89A32BB02D1C00EA9F2F /* Sources */ = {
			isa = PBXSourcesBuildPhase;
			buildActionMask = 2147483647;
			files = (
				138F89AE2BB02D1C00EA9F2F /* mitarritoUITestsLaunchTests.swift in Sources */,
				138F89AC2BB02D1C00EA9F2F /* mitarritoUITests.swift in Sources */,
			);
			runOnlyForDeploymentPostprocessing = 0;
		};
/* End PBXSourcesBuildPhase section */

/* Begin PBXTargetDependency section */
		138F899F2BB02D1C00EA9F2F /* PBXTargetDependency */ = {
			isa = PBXTargetDependency;
			target = 138F898A2BB02D1A00EA9F2F /* mitarrito */;
			targetProxy = 138F899E2BB02D1C00EA9F2F /* PBXContainerItemProxy */;
		};
		138F89A92BB02D1C00EA9F2F /* PBXTargetDependency */ = {
			isa = PBXTargetDependency;
			target = 138F898A2BB02D1A00EA9F2F /* mitarrito */;
			targetProxy = 138F89A82BB02D1C00EA9F2F /* PBXContainerItemProxy */;
		};
/* End PBXTargetDependency section */

/* Begin XCBuildConfiguration section */
		138F89AF2BB02D1C00EA9F2F /* Debug */ = {
			isa = XCBuildConfiguration;
			buildSettings = {
				ALWAYS_SEARCH_USER_PATHS = NO;
				ASSETCATALOG_COMPILER_GENERATE_SWIFT_ASSET_SYMBOL_EXTENSIONS = YES;
				CLANG_ANALYZER_NONNULL = YES;
				CLANG_ANALYZER_NUMBER_OBJECT_CONVERSION = YES_AGGRESSIVE;
				CLANG_CXX_LANGUAGE_STANDARD = "gnu++20";
				CLANG_ENABLE_MODULES = YES;
				CLANG_ENABLE_OBJC_ARC = YES;
				CLANG_ENABLE_OBJC_WEAK = YES;
				CLANG_WARN_BLOCK_CAPTURE_AUTORELEASING = YES;
				CLANG_WARN_BOOL_CONVERSION = YES;
				CLANG_WARN_COMMA = YES;
				CLANG_WARN_CONSTANT_CONVERSION = YES;
				CLANG_WARN_DEPRECATED_OBJC_IMPLEMENTATIONS = YES;
				CLANG_WARN_DIRECT_OBJC_ISA_USAGE = YES_ERROR;
				CLANG_WARN_DOCUMENTATION_COMMENTS = YES;
				CLANG_WARN_EMPTY_BODY = YES;
				CLANG_WARN_ENUM_CONVERSION = YES;
				CLANG_WARN_INFINITE_RECURSION = YES;
				CLANG_WARN_INT_CONVERSION = YES;
				CLANG_WARN_NON_LITERAL_NULL_CONVERSION = YES;
				CLANG_WARN_OBJC_IMPLICIT_RETAIN_SELF = YES;
				CLANG_WARN_OBJC_LITERAL_CONVERSION = YES;
				CLANG_WARN_OBJC_ROOT_CLASS = YES_ERROR;
				CLANG_WARN_QUOTED_INCLUDE_IN_FRAMEWORK_HEADER = YES;
				CLANG_WARN_RANGE_LOOP_ANALYSIS = YES;
				CLANG_WARN_STRICT_PROTOTYPES = YES;
				CLANG_WARN_SUSPICIOUS_MOVE = YES;
				CLANG_WARN_UNGUARDED_AVAILABILITY = YES_AGGRESSIVE;
				CLANG_WARN_UNREACHABLE_CODE = YES;
				CLANG_WARN__DUPLICATE_METHOD_MATCH = YES;
				COPY_PHASE_STRIP = NO;
				DEBUG_INFORMATION_FORMAT = dwarf;
				ENABLE_STRICT_OBJC_MSGSEND = YES;
				ENABLE_TESTABILITY = YES;
				ENABLE_USER_SCRIPT_SANDBOXING = YES;
				GCC_C_LANGUAGE_STANDARD = gnu17;
				GCC_DYNAMIC_NO_PIC = NO;
				GCC_NO_COMMON_BLOCKS = YES;
				GCC_OPTIMIZATION_LEVEL = 0;
				GCC_PREPROCESSOR_DEFINITIONS = (
					"DEBUG=1",
					"$(inherited)",
				);
				GCC_WARN_64_TO_32_BIT_CONVERSION = YES;
				GCC_WARN_ABOUT_RETURN_TYPE = YES_ERROR;
				GCC_WARN_UNDECLARED_SELECTOR = YES;
				GCC_WARN_UNINITIALIZED_AUTOS = YES_AGGRESSIVE;
				GCC_WARN_UNUSED_FUNCTION = YES;
				GCC_WARN_UNUSED_VARIABLE = YES;
				IPHONEOS_DEPLOYMENT_TARGET = 17.2;
				LOCALIZATION_PREFERS_STRING_CATALOGS = YES;
				MTL_ENABLE_DEBUG_INFO = INCLUDE_SOURCE;
				MTL_FAST_MATH = YES;
				ONLY_ACTIVE_ARCH = YES;
				"OTHER_LDFLAGS[arch=*]" = (
					"-Xlinker",
					"-interposable",
				);
				SDKROOT = iphoneos;
				SWIFT_ACTIVE_COMPILATION_CONDITIONS = "DEBUG $(inherited)";
				SWIFT_OPTIMIZATION_LEVEL = "-Onone";
			};
			name = Debug;
		};
		138F89B02BB02D1C00EA9F2F /* Release */ = {
			isa = XCBuildConfiguration;
			buildSettings = {
				ALWAYS_SEARCH_USER_PATHS = NO;
				ASSETCATALOG_COMPILER_GENERATE_SWIFT_ASSET_SYMBOL_EXTENSIONS = YES;
				CLANG_ANALYZER_NONNULL = YES;
				CLANG_ANALYZER_NUMBER_OBJECT_CONVERSION = YES_AGGRESSIVE;
				CLANG_CXX_LANGUAGE_STANDARD = "gnu++20";
				CLANG_ENABLE_MODULES = YES;
				CLANG_ENABLE_OBJC_ARC = YES;
				CLANG_ENABLE_OBJC_WEAK = YES;
				CLANG_WARN_BLOCK_CAPTURE_AUTORELEASING = YES;
				CLANG_WARN_BOOL_CONVERSION = YES;
				CLANG_WARN_COMMA = YES;
				CLANG_WARN_CONSTANT_CONVERSION = YES;
				CLANG_WARN_DEPRECATED_OBJC_IMPLEMENTATIONS = YES;
				CLANG_WARN_DIRECT_OBJC_ISA_USAGE = YES_ERROR;
				CLANG_WARN_DOCUMENTATION_COMMENTS = YES;
				CLANG_WARN_EMPTY_BODY = YES;
				CLANG_WARN_ENUM_CONVERSION = YES;
				CLANG_WARN_INFINITE_RECURSION = YES;
				CLANG_WARN_INT_CONVERSION = YES;
				CLANG_WARN_NON_LITERAL_NULL_CONVERSION = YES;
				CLANG_WARN_OBJC_IMPLICIT_RETAIN_SELF = YES;
				CLANG_WARN_OBJC_LITERAL_CONVERSION = YES;
				CLANG_WARN_OBJC_ROOT_CLASS = YES_ERROR;
				CLANG_WARN_QUOTED_INCLUDE_IN_FRAMEWORK_HEADER = YES;
				CLANG_WARN_RANGE_LOOP_ANALYSIS = YES;
				CLANG_WARN_STRICT_PROTOTYPES = YES;
				CLANG_WARN_SUSPICIOUS_MOVE = YES;
				CLANG_WARN_UNGUARDED_AVAILABILITY = YES_AGGRESSIVE;
				CLANG_WARN_UNREACHABLE_CODE = YES;
				CLANG_WARN__DUPLICATE_METHOD_MATCH = YES;
				COPY_PHASE_STRIP = NO;
				DEBUG_INFORMATION_FORMAT = "dwarf-with-dsym";
				ENABLE_NS_ASSERTIONS = NO;
				ENABLE_STRICT_OBJC_MSGSEND = YES;
				ENABLE_USER_SCRIPT_SANDBOXING = YES;
				GCC_C_LANGUAGE_STANDARD = gnu17;
				GCC_NO_COMMON_BLOCKS = YES;
				GCC_WARN_64_TO_32_BIT_CONVERSION = YES;
				GCC_WARN_ABOUT_RETURN_TYPE = YES_ERROR;
				GCC_WARN_UNDECLARED_SELECTOR = YES;
				GCC_WARN_UNINITIALIZED_AUTOS = YES_AGGRESSIVE;
				GCC_WARN_UNUSED_FUNCTION = YES;
				GCC_WARN_UNUSED_VARIABLE = YES;
				IPHONEOS_DEPLOYMENT_TARGET = 17.2;
				LOCALIZATION_PREFERS_STRING_CATALOGS = YES;
				MTL_ENABLE_DEBUG_INFO = NO;
				MTL_FAST_MATH = YES;
				OTHER_LDFLAGS = "";
				SDKROOT = iphoneos;
				SWIFT_COMPILATION_MODE = wholemodule;
				VALIDATE_PRODUCT = YES;
			};
			name = Release;
		};
		138F89B22BB02D1C00EA9F2F /* Debug */ = {
			isa = XCBuildConfiguration;
			buildSettings = {
				ALWAYS_EMBED_SWIFT_STANDARD_LIBRARIES = YES;
				ASSETCATALOG_COMPILER_APPICON_NAME = AppIcon;
				ASSETCATALOG_COMPILER_GLOBAL_ACCENT_COLOR_NAME = AccentColor;
				CODE_SIGN_STYLE = Automatic;
				CURRENT_PROJECT_VERSION = 1;
				DEVELOPMENT_ASSET_PATHS = "\"mitarrito/Preview Content\"";
				DEVELOPMENT_TEAM = 7G4S2SGHRL;
				ENABLE_PREVIEWS = YES;
				GENERATE_INFOPLIST_FILE = YES;
				INFOPLIST_KEY_UIApplicationSceneManifest_Generation = YES;
				INFOPLIST_KEY_UIApplicationSupportsIndirectInputEvents = YES;
				INFOPLIST_KEY_UILaunchScreen_Generation = YES;
				INFOPLIST_KEY_UISupportedInterfaceOrientations_iPad = "UIInterfaceOrientationPortrait UIInterfaceOrientationPortraitUpsideDown UIInterfaceOrientationLandscapeLeft UIInterfaceOrientationLandscapeRight";
				INFOPLIST_KEY_UISupportedInterfaceOrientations_iPhone = "UIInterfaceOrientationPortrait UIInterfaceOrientationLandscapeLeft UIInterfaceOrientationLandscapeRight";
				LD_RUNPATH_SEARCH_PATHS = (
					"$(inherited)",
					"@executable_path/Frameworks",
				);
				MARKETING_VERSION = 1.0;
				"OTHER_LDFLAGS[sdk=iphoneos*]" = (
					"-Xlinker",
					"-interposable",
				);
				PRODUCT_BUNDLE_IDENTIFIER = dev.dianait.mitarrito;
				PRODUCT_NAME = "$(TARGET_NAME)";
				SWIFT_EMIT_LOC_STRINGS = YES;
				SWIFT_VERSION = 5.0;
				TARGETED_DEVICE_FAMILY = "1,2";
			};
			name = Debug;
		};
		138F89B32BB02D1C00EA9F2F /* Release */ = {
			isa = XCBuildConfiguration;
			buildSettings = {
				ALWAYS_EMBED_SWIFT_STANDARD_LIBRARIES = YES;
				ASSETCATALOG_COMPILER_APPICON_NAME = AppIcon;
				ASSETCATALOG_COMPILER_GLOBAL_ACCENT_COLOR_NAME = AccentColor;
				CODE_SIGN_STYLE = Automatic;
				CURRENT_PROJECT_VERSION = 1;
				DEVELOPMENT_ASSET_PATHS = "\"mitarrito/Preview Content\"";
				DEVELOPMENT_TEAM = 7G4S2SGHRL;
				ENABLE_PREVIEWS = YES;
				GENERATE_INFOPLIST_FILE = YES;
				INFOPLIST_KEY_UIApplicationSceneManifest_Generation = YES;
				INFOPLIST_KEY_UIApplicationSupportsIndirectInputEvents = YES;
				INFOPLIST_KEY_UILaunchScreen_Generation = YES;
				INFOPLIST_KEY_UISupportedInterfaceOrientations_iPad = "UIInterfaceOrientationPortrait UIInterfaceOrientationPortraitUpsideDown UIInterfaceOrientationLandscapeLeft UIInterfaceOrientationLandscapeRight";
				INFOPLIST_KEY_UISupportedInterfaceOrientations_iPhone = "UIInterfaceOrientationPortrait UIInterfaceOrientationLandscapeLeft UIInterfaceOrientationLandscapeRight";
				LD_RUNPATH_SEARCH_PATHS = (
					"$(inherited)",
					"@executable_path/Frameworks",
				);
				MARKETING_VERSION = 1.0;
				PRODUCT_BUNDLE_IDENTIFIER = dev.dianait.mitarrito;
				PRODUCT_NAME = "$(TARGET_NAME)";
				SWIFT_EMIT_LOC_STRINGS = YES;
				SWIFT_VERSION = 5.0;
				TARGETED_DEVICE_FAMILY = "1,2";
			};
			name = Release;
		};
		138F89B52BB02D1C00EA9F2F /* Debug */ = {
			isa = XCBuildConfiguration;
			buildSettings = {
				ALWAYS_EMBED_SWIFT_STANDARD_LIBRARIES = YES;
				BUNDLE_LOADER = "$(TEST_HOST)";
				CODE_SIGN_STYLE = Automatic;
				CURRENT_PROJECT_VERSION = 1;
				DEVELOPMENT_TEAM = 7G4S2SGHRL;
				GENERATE_INFOPLIST_FILE = YES;
				IPHONEOS_DEPLOYMENT_TARGET = 17.2;
				MARKETING_VERSION = 1.0;
				PRODUCT_BUNDLE_IDENTIFIER = dev.dianait.daymooddataTests;
				PRODUCT_NAME = "$(TARGET_NAME)";
				SWIFT_EMIT_LOC_STRINGS = NO;
				SWIFT_VERSION = 5.0;
				TARGETED_DEVICE_FAMILY = "1,2";
				TEST_HOST = "$(BUILT_PRODUCTS_DIR)/mitarrito.app/$(BUNDLE_EXECUTABLE_FOLDER_PATH)/mitarrito";
			};
			name = Debug;
		};
		138F89B62BB02D1C00EA9F2F /* Release */ = {
			isa = XCBuildConfiguration;
			buildSettings = {
				ALWAYS_EMBED_SWIFT_STANDARD_LIBRARIES = YES;
				BUNDLE_LOADER = "$(TEST_HOST)";
				CODE_SIGN_STYLE = Automatic;
				CURRENT_PROJECT_VERSION = 1;
				DEVELOPMENT_TEAM = 7G4S2SGHRL;
				GENERATE_INFOPLIST_FILE = YES;
				IPHONEOS_DEPLOYMENT_TARGET = 17.2;
				MARKETING_VERSION = 1.0;
				PRODUCT_BUNDLE_IDENTIFIER = dev.dianait.daymooddataTests;
				PRODUCT_NAME = "$(TARGET_NAME)";
				SWIFT_EMIT_LOC_STRINGS = NO;
				SWIFT_VERSION = 5.0;
				TARGETED_DEVICE_FAMILY = "1,2";
				TEST_HOST = "$(BUILT_PRODUCTS_DIR)/mitarrito.app/$(BUNDLE_EXECUTABLE_FOLDER_PATH)/mitarrito";
			};
			name = Release;
		};
		138F89B82BB02D1C00EA9F2F /* Debug */ = {
			isa = XCBuildConfiguration;
			buildSettings = {
				ALWAYS_EMBED_SWIFT_STANDARD_LIBRARIES = YES;
				CODE_SIGN_STYLE = Automatic;
				CURRENT_PROJECT_VERSION = 1;
				DEVELOPMENT_TEAM = 7G4S2SGHRL;
				GENERATE_INFOPLIST_FILE = YES;
				MARKETING_VERSION = 1.0;
				PRODUCT_BUNDLE_IDENTIFIER = dev.dianait.daymooddataUITests;
				PRODUCT_NAME = "$(TARGET_NAME)";
				SWIFT_EMIT_LOC_STRINGS = NO;
				SWIFT_VERSION = 5.0;
				TARGETED_DEVICE_FAMILY = "1,2";
				TEST_TARGET_NAME = daymooddata;
			};
			name = Debug;
		};
		138F89B92BB02D1C00EA9F2F /* Release */ = {
			isa = XCBuildConfiguration;
			buildSettings = {
				ALWAYS_EMBED_SWIFT_STANDARD_LIBRARIES = YES;
				CODE_SIGN_STYLE = Automatic;
				CURRENT_PROJECT_VERSION = 1;
				DEVELOPMENT_TEAM = 7G4S2SGHRL;
				GENERATE_INFOPLIST_FILE = YES;
				MARKETING_VERSION = 1.0;
				PRODUCT_BUNDLE_IDENTIFIER = dev.dianait.daymooddataUITests;
				PRODUCT_NAME = "$(TARGET_NAME)";
				SWIFT_EMIT_LOC_STRINGS = NO;
				SWIFT_VERSION = 5.0;
				TARGETED_DEVICE_FAMILY = "1,2";
				TEST_TARGET_NAME = daymooddata;
			};
			name = Release;
		};
/* End XCBuildConfiguration section */

/* Begin XCConfigurationList section */
		138F89862BB02D1A00EA9F2F /* Build configuration list for PBXProject "mitarrito" */ = {
			isa = XCConfigurationList;
			buildConfigurations = (
				138F89AF2BB02D1C00EA9F2F /* Debug */,
				138F89B02BB02D1C00EA9F2F /* Release */,
			);
			defaultConfigurationIsVisible = 0;
			defaultConfigurationName = Release;
		};
		138F89B12BB02D1C00EA9F2F /* Build configuration list for PBXNativeTarget "mitarrito" */ = {
			isa = XCConfigurationList;
			buildConfigurations = (
				138F89B22BB02D1C00EA9F2F /* Debug */,
				138F89B32BB02D1C00EA9F2F /* Release */,
			);
			defaultConfigurationIsVisible = 0;
			defaultConfigurationName = Release;
		};
		138F89B42BB02D1C00EA9F2F /* Build configuration list for PBXNativeTarget "mitarritoTests" */ = {
			isa = XCConfigurationList;
			buildConfigurations = (
				138F89B52BB02D1C00EA9F2F /* Debug */,
				138F89B62BB02D1C00EA9F2F /* Release */,
			);
			defaultConfigurationIsVisible = 0;
			defaultConfigurationName = Release;
		};
		138F89B72BB02D1C00EA9F2F /* Build configuration list for PBXNativeTarget "mitarritoUITests" */ = {
			isa = XCConfigurationList;
			buildConfigurations = (
				138F89B82BB02D1C00EA9F2F /* Debug */,
				138F89B92BB02D1C00EA9F2F /* Release */,
			);
			defaultConfigurationIsVisible = 0;
			defaultConfigurationName = Release;
		};
/* End XCConfigurationList section */

/* Begin XCRemoteSwiftPackageReference section */
		13B947112BBEF8EB0076724B /* XCRemoteSwiftPackageReference "Inject" */ = {
			isa = XCRemoteSwiftPackageReference;
			repositoryURL = "https://github.com/krzysztofzablocki/Inject.git";
			requirement = {
				kind = upToNextMajorVersion;
				minimumVersion = 1.4.0;
			};
		};
/* End XCRemoteSwiftPackageReference section */

/* Begin XCSwiftPackageProductDependency section */
		13B947122BBEF93C0076724B /* Inject */ = {
			isa = XCSwiftPackageProductDependency;
			package = 13B947112BBEF8EB0076724B /* XCRemoteSwiftPackageReference "Inject" */;
			productName = Inject;
		};
/* End XCSwiftPackageProductDependency section */
	};
	rootObject = 138F89832BB02D1A00EA9F2F /* Project object */;
}
